
Microsoft Visual Studio Solution File, Format Version 12.00
# Visual Studio 15
VisualStudioVersion = 15.0.28307.705
MinimumVisualStudioVersion = 10.0.40219.1
Project("{FAE04EC0-301F-11D3-BF4B-00C04F79EFBC}") = "JSON_Parsing_in_C_Sharp", "JSON_Parsing_in_C_Sharp\JSON_Parsing_in_C_Sharp.csproj", "{C52B57C3-08B4-4481-A50B-8DAA58AB668D}"
EndProject
Global
	GlobalSection(SolutionConfigurationPlatforms) = preSolution
		Debug|Any CPU = Debug|Any CPU
		Release|Any CPU = Release|Any CPU
	EndGlobalSection
	GlobalSection(ProjectConfigurationPlatforms) = postSolution
		{C52B57C3-08B4-4481-A50B-8DAA58AB668D}.Debug|Any CPU.ActiveCfg = Debug|Any CPU
		{C52B57C3-08B4-4481-A50B-8DAA58AB668D}.Debug|Any CPU.Build.0 = Debug|Any CPU
		{C52B57C3-08B4-4481-A50B-8DAA58AB668D}.Release|Any CPU.ActiveCfg = Release|Any CPU
		{C52B57C3-08B4-4481-A50B-8DAA58AB668D}.Release|Any CPU.Build.0 = Release|Any CPU
	EndGlobalSection
	GlobalSection(SolutionProperties) = preSolution
		HideSolutionNode = FALSE
	EndGlobalSection
	GlobalSection(ExtensibilityGlobals) = postSolution
		SolutionGuid = {259B54C9-2EED-48F4-9609-42CC8BC292C0}
	EndGlobalSection
EndGlobal
